
Microsoft Visual Studio Solution File, Format Version 12.00
# Visual Studio Version 17
VisualStudioVersion = 17.10.35027.167
MinimumVisualStudioVersion = 10.0.40219.1
Project("{FAE04EC0-301F-11D3-BF4B-00C04F79EFBC}") = "Grid_Dapper", "Grid_Dapper.csproj", "{BD6E98FB-9DE2-4D39-8176-6A0BD9CD9C12}"
EndProject
Global
	GlobalSection(SolutionConfigurationPlatforms) = preSolution
		Debug|Any CPU = Debug|Any CPU
		Release|Any CPU = Release|Any CPU
	EndGlobalSection
	GlobalSection(ProjectConfigurationPlatforms) = postSolution
		{BD6E98FB-9DE2-4D39-8176-6A0BD9CD9C12}.Debug|Any CPU.ActiveCfg = Debug|Any CPU
		{BD6E98FB-9DE2-4D39-8176-6A0BD9CD9C12}.Debug|Any CPU.Build.0 = Debug|Any CPU
		{BD6E98FB-9DE2-4D39-8176-6A0BD9CD9C12}.Release|Any CPU.ActiveCfg = Release|Any CPU
		{BD6E98FB-9DE2-4D39-8176-6A0BD9CD9C12}.Release|Any CPU.Build.0 = Release|Any CPU
	EndGlobalSection
	GlobalSection(SolutionProperties) = preSolution
		HideSolutionNode = FALSE
	EndGlobalSection
	GlobalSection(ExtensibilityGlobals) = postSolution
		SolutionGuid = {398A5D3D-BEA1-482B-BA4A-713D1781AEB7}
	EndGlobalSection
EndGlobal
