Microsoft Visual Studio Solution File, Format Version 12.00
# Visual Studio Version 17
VisualStudioVersion = 17.13.35818.85
MinimumVisualStudioVersion = 10.0.40219.1
Project("{FAE04EC0-301F-11D3-BF4B-00C04F79EFBC}") = "Grid_MSSQL", "Grid_MSSQL\Grid_MSSQL.csproj", "{E85261B5-F8E1-4BD2-B4BF-4EEF009B52B7}"
EndProject
Global
	GlobalSection(SolutionConfigurationPlatforms) = preSolution
		Debug|Any CPU = Debug|Any CPU
		Release|Any CPU = Release|Any CPU
	EndGlobalSection
	GlobalSection(ProjectConfigurationPlatforms) = postSolution
		{E85261B5-F8E1-4BD2-B4BF-4EEF009B52B7}.Debug|Any CPU.ActiveCfg = Debug|Any CPU
		{E85261B5-F8E1-4BD2-B4BF-4EEF009B52B7}.Debug|Any CPU.Build.0 = Debug|Any CPU
		{E85261B5-F8E1-4BD2-B4BF-4EEF009B52B7}.Release|Any CPU.ActiveCfg = Release|Any CPU
		{E85261B5-F8E1-4BD2-B4BF-4EEF009B52B7}.Release|Any CPU.Build.0 = Release|Any CPU
	EndGlobalSection
	GlobalSection(SolutionProperties) = preSolution
		HideSolutionNode = FALSE
	EndGlobalSection
	GlobalSection(ExtensibilityGlobals) = postSolution
		SolutionGuid = {0DC96E47-05F7-4E9E-9F8F-CB2696E1D23E}
	EndGlobalSection
EndGlobal
